# Exact transitive Quicklisp release closure for the public development image.
# Format is the pinned Quicklisp releases.txt row:
# project url size file-md5 content-sha1 prefix [system files...]
alexandria http://beta.quicklisp.org/archive/alexandria/2024-10-12/alexandria-20241012-git.tgz 57281 2443b986cd2760fbd93386311f0dce21 ce11403840f574fad9bd05b9410d0eef83e28e50 alexandria-20241012-git alexandria.asd
babel http://beta.quicklisp.org/archive/babel/2026-01-01/babel-20260101-git.tgz 327844 609c22128de1fd930bdb527d8f985297 46235720cb250f6dafc6ce61aa864d16ee7a35ef babel-20260101-git babel-streams.asd babel-tests.asd babel.asd
bordeaux-threads http://beta.quicklisp.org/archive/bordeaux-threads/2024-10-12/bordeaux-threads-v0.9.4.tgz 3063105 ec2deecfc63871a5b4ab363529103c87 1f6e639c434d6159e5ea90bb2f3197190ae160b8 bordeaux-threads-v0.9.4 bordeaux-threads.asd
cffi http://beta.quicklisp.org/archive/cffi/2026-01-01/cffi-20260101-git.tgz 264325 46e6e20269f4bba0a0cc793af9273a5b c39a0f5eaf49a99a5473192380c64e60bd8a7f2f cffi-20260101-git cffi-examples.asd cffi-grovel.asd cffi-libffi.asd cffi-tests.asd cffi-toolchain.asd cffi-uffi-compat.asd cffi.asd
chipz http://beta.quicklisp.org/archive/chipz/2023-06-18/chipz-20230618-git.tgz 37547 c67e0dd777e6dd9b463bc433a32d90a9 943b5c48bde8a9bea95f7ea877c093d73e504e42 chipz-20230618-git chipz.asd
chunga http://beta.quicklisp.org/archive/chunga/2026-01-01/chunga-20260101-git.tgz 22496 b961680855c21dd5aab9041ea04b278e 53eebb46d855896bc6fa4d56a6992042827f316a chunga-20260101-git chunga.asd
cl+ssl http://beta.quicklisp.org/archive/cl+ssl/2026-01-01/cl+ssl-20260101-git.tgz 95831 1e9a00edc1179f70c2d7578d2092041f 65ce44f32ae7f374d2636b13f6ecd128d685884d cl+ssl-20260101-git cl+ssl.asd cl+ssl.test.asd
cl-base64 http://beta.quicklisp.org/archive/cl-base64/2020-10-16/cl-base64-20201016-git.tgz 10373 f556f7c61f785c84abdc1beb63c906ae f995d12a8885d3738a7ddea4ea8ef00ca8c88a2a cl-base64-20201016-git cl-base64.asd
cl-cookie http://beta.quicklisp.org/archive/cl-cookie/2024-10-12/cl-cookie-20241012-git.tgz 8489 91200313704a5acc3fdddf3cada69850 e6b0f6eb0098910ba9b28dbe5fb5817a07fdb200 cl-cookie-20241012-git cl-cookie-test.asd cl-cookie.asd
cl-fad http://beta.quicklisp.org/archive/cl-fad/2022-02-20/cl-fad-20220220-git.tgz 25285 5caa98f5badf1d84ae385a3937ee2e01 27b33b1f84fa87e34ec852d3a30903106863844a cl-fad-20220220-git cl-fad.asd
cl-ppcre http://beta.quicklisp.org/archive/cl-ppcre/2025-06-22/cl-ppcre-20250622-git.tgz 157615 e69a132df3bbe5d251737834c0fdbaed c6e9b082b5f6c56efe5157eaa461b3c6e255e3ec cl-ppcre-20250622-git cl-ppcre-unicode.asd cl-ppcre.asd
cl-utilities http://beta.quicklisp.org/archive/cl-utilities/2010-10-06/cl-utilities-1.2.4.tgz 22998 c3a4ba38b627448d3ed40ce888048940 187862251617676b95b1386e277fb2c449472bf8 cl-utilities-1.2.4 cl-utilities.asd
closer-mop http://beta.quicklisp.org/archive/closer-mop/2026-01-01/closer-mop-20260101-git.tgz 23841 fdcca216cc074c9fe1def1a710808c49 e3f5af4586455a043dd2f100e0dd902d2209784c closer-mop-20260101-git closer-mop.asd
dexador http://beta.quicklisp.org/archive/dexador/2026-01-01/dexador-20260101-git.tgz 95290 8485928671d5559fa67d6ab2b37cb541 5414cf5dd3509b0f9b8e4a0b6383c0845af5b2e7 dexador-20260101-git dexador-test.asd dexador-usocket.asd dexador.asd
fast-http http://beta.quicklisp.org/archive/fast-http/2024-10-12/fast-http-20241012-git.tgz 33876 1c5712c1a6f0354befaea34a687951a7 9843682d5b1f5d98e66781bb6d521e768b04c5d1 fast-http-20241012-git fast-http-test.asd fast-http.asd
fast-io http://beta.quicklisp.org/archive/fast-io/2022-11-06/fast-io-20221106-git.tgz 9680 5a51bb7c1d97e954a5b7a4860a561edb dd2258c3f0d1773b16c4ebbad60327a5fefbb033 fast-io-20221106-git fast-io-test.asd fast-io.asd
flexi-streams http://beta.quicklisp.org/archive/flexi-streams/2024-10-12/flexi-streams-20241012-git.tgz 445729 013121c0dae41acea86f82920461279d c74cc7f177b12a147cafda52142f4731384cd1cb flexi-streams-20241012-git flexi-streams-test.asd flexi-streams.asd
global-vars http://beta.quicklisp.org/archive/global-vars/2014-11-06/global-vars-20141106-git.tgz 3581 dd3153ee75c972a80450aa00644b2200 06ef315e35eaf447159303a16827e05cc28af887 global-vars-20141106-git global-vars-test.asd global-vars.asd
hunchentoot http://beta.quicklisp.org/archive/hunchentoot/2024-10-12/hunchentoot-v1.3.1.tgz 175362 3535e411eec4d85803a6cd3903a6a4d5 dcf0500542c92e7f35093298da61264c4a240889 hunchentoot-v1.3.1 hunchentoot.asd
idna http://beta.quicklisp.org/archive/idna/2012-01-07/idna-20120107-git.tgz 6242 85b91a66efe4381bf116cdb5d2b756b6 a32def3834b2130ace95c31af82c6c8b92365c53 idna-20120107-git idna.asd
ironclad http://beta.quicklisp.org/archive/ironclad/2024-10-12/ironclad-v0.61.tgz 1543617 366e799f14b3f4f2634aa38e4789102d 5af4898f251baffd30f3b0863d73acbba261d4a6 ironclad-v0.61 ironclad-text.asd ironclad.asd
local-time http://beta.quicklisp.org/archive/local-time/2026-01-01/local-time-20260101-git.tgz 563503 ff972a7acd3ad241f852b7bb8cab6433 7dde9b702bd721121a179d75dd53543ff6ede5e9 local-time-20260101-git cl-postgres+local-time.asd local-time.asd
md5 http://beta.quicklisp.org/archive/md5/2021-06-30/md5-20210630-git.tgz 16719 ecb1fa8eea6848c2f14fdfeb03d47056 f907b28a9a3d1ce16651dcf7245dedeed129acbb md5-20210630-git md5.asd
postmodern http://beta.quicklisp.org/archive/postmodern/2026-01-01/postmodern-20260101-git.tgz 746708 3627cfcd51c5c82c9ea464a8d27c3289 1829b5d3994d9fe0cb63fba2150fdd1cef87209b postmodern-20260101-git cl-postgres.asd postmodern.asd s-sql.asd simple-date.asd
proc-parse http://beta.quicklisp.org/archive/proc-parse/2019-08-13/proc-parse-20190813-git.tgz 8695 99bdce79943071267c6a877d8de246c5 18fff39d2a228aeb60547154bb09745d2a8769e1 proc-parse-20190813-git proc-parse-test.asd proc-parse.asd
quri http://beta.quicklisp.org/archive/quri/2026-01-01/quri-20260101-git.tgz 72078 47eae171fde92c6dad63dbb048e78d5a 2fb85114241c1512e68b8ba6c33dd2b58951cee2 quri-20260101-git quri-test.asd quri.asd
rfc2388 http://beta.quicklisp.org/archive/rfc2388/2018-08-31/rfc2388-20180831-git.tgz 12522 f57e3c588e5e08210516260e67d69226 b9fce4ee84e60426fc9ef11f1847235b13dd256e rfc2388-20180831-git rfc2388.asd
shasht http://beta.quicklisp.org/archive/shasht/2026-01-01/shasht-20260101-git.tgz 45458 499b361bb0f834137072701a35bb3e0d 5f9459ed517372c0f9a0582103668e791f907be4 shasht-20260101-git shasht.asd
smart-buffer http://beta.quicklisp.org/archive/smart-buffer/2021-10-20/smart-buffer-20211020-git.tgz 3382 d09d02788667d987b3988b6de09d09c3 6c240b92d649a3cb3ca138bbc638cafb67bf74c3 smart-buffer-20211020-git smart-buffer-test.asd smart-buffer.asd
split-sequence http://beta.quicklisp.org/archive/split-sequence/2021-05-31/split-sequence-v2.0.1.tgz 11705 871be321b4dbca0a1f958927e9173795 fe250d09a3d2b24a0459bebef9ccf401a4733475 split-sequence-v2.0.1 split-sequence.asd
static-vectors http://beta.quicklisp.org/archive/static-vectors/2024-10-12/static-vectors-v1.9.3.tgz 8142 2623f98032f3e88d9778c9b7ee9416f3 5eb3dc125e862cf9dca1ab6335d129cec998bd68 static-vectors-v1.9.3 static-vectors.asd
trivial-backtrace http://beta.quicklisp.org/archive/trivial-backtrace/2023-02-14/trivial-backtrace-20230214-git.tgz 9368 e4ca5a103fd923b398fd7795b432cbec 55641c4c29ebf6c24b1cf91f0ef36e1547ee8765 trivial-backtrace-20230214-git trivial-backtrace-test.asd trivial-backtrace.asd
trivial-do http://beta.quicklisp.org/archive/trivial-do/2022-03-31/trivial-do-20220331-git.tgz 2650 911889cba99951fd7b7978f9b42cee3e a4816471ad9b5aa4f063d74a5f638ea9770fcedc trivial-do-20220331-git trivial-do.asd
trivial-features http://beta.quicklisp.org/archive/trivial-features/2025-06-22/trivial-features-20250622-git.tgz 11368 9ba12be9b4ecd65797eadf41473989f0 23d028dfe6b9d8737668dbce70a6e4a846a61491 trivial-features-20250622-git trivial-features-tests.asd trivial-features.asd
trivial-garbage http://beta.quicklisp.org/archive/trivial-garbage/2023-10-21/trivial-garbage-20231021-git.tgz 11005 02da474ff3100c17af38f60a8f651339 21c2909ade10f5b3ad7bb3c3ee6db9f2d0a6e7bd trivial-garbage-20231021-git trivial-garbage.asd
trivial-gray-streams http://beta.quicklisp.org/archive/trivial-gray-streams/2024-10-12/trivial-gray-streams-20241012-git.tgz 8054 af0d64bafb6032659152a5afab38bfdf 768f8d13e626ca72253ccf5fb82da3e1f43ab548 trivial-gray-streams-20241012-git trivial-gray-streams-test.asd trivial-gray-streams.asd
trivial-mimes http://beta.quicklisp.org/archive/trivial-mimes/2026-01-01/trivial-mimes-20260101-git.tgz 24254 bec4b1b4f215cdcf486083006a441036 afc38658f259fa03a5d983ecf46c6b7d3f52c074 trivial-mimes-20260101-git trivial-mimes.asd
uax-15 http://beta.quicklisp.org/archive/uax-15/2024-10-12/uax-15-20241012-git.tgz 834427 04f9962bad5c465c042ef10300072c9e 8289972c8601257388df3788c733d4856814bfe8 uax-15-20241012-git uax-15.asd
usocket http://beta.quicklisp.org/archive/usocket/2026-01-01/usocket-0.8.9.tgz 1314789 186cd46a3baa9c40bb7be23464deca13 a495bc1d8c20f4e2fc9474527983119ae8b71b17 usocket-0.8.9 usocket-server.asd usocket-test.asd usocket.asd
xsubseq http://beta.quicklisp.org/archive/xsubseq/2017-08-30/xsubseq-20170830-git.tgz 4006 960bb8f329649b6e4b820e065e6b38e8 77ef22871e590349e22e892cd8f80121db1b1566 xsubseq-20170830-git xsubseq-test.asd xsubseq.asd
